
Microsoft Visual Studio Solution File, Format Version 12.00
# Visual Studio 14
VisualStudioVersion = 14.0.25420.1
MinimumVisualStudioVersion = 10.0.40219.1
Project("{FAE04EC0-301F-11D3-BF4B-00C04F79EFBC}") = "Numbers from 1 to N", "Numbers from 1 to N\Numbers from 1 to N.csproj", "{A95CFC09-A52F-40C5-8151-647BADE294BA}"
EndProject
Project("{FAE04EC0-301F-11D3-BF4B-00C04F79EFBC}") = "Demo", "Demo\Demo.csproj", "{48CA9F5C-B33F-4770-8532-6DA24D2CCD57}"
EndProject
Project("{FAE04EC0-301F-11D3-BF4B-00C04F79EFBC}") = "Demo List", "Demo List\Demo List.csproj", "{31A0DC5C-266E-46E9-9A2B-587C83D33335}"
EndProject
Project("{FAE04EC0-301F-11D3-BF4B-00C04F79EFBC}") = "NotDivisibleNumbers", "NotDivisibleNumbers\NotDivisibleNumbers.csproj", "{8D6F3A94-B292-408B-8FFE-90439B28D8A9}"
EndProject
Project("{FAE04EC0-301F-11D3-BF4B-00C04F79EFBC}") = "MMSA (Min, Max, Sum, Average) of N Numbers", "MMSA (Min, Max, Sum, Average) of N Numbers\MMSA (Min, Max, Sum, Average) of N Numbers.csproj", "{2BFADA06-0014-4755-B5F8-39F652FC3A81}"
EndProject
Project("{FAE04EC0-301F-11D3-BF4B-00C04F79EFBC}") = "PrintADeck", "PrintADeck\PrintADeck.csproj", "{B177364A-D403-4ED3-AFA5-23EE8E2C7A89}"
EndProject
Project("{FAE04EC0-301F-11D3-BF4B-00C04F79EFBC}") = "Calculate!", "Calculate!\Calculate!.csproj", "{32FF9DA3-F379-407F-B4F9-F7CC129FAFB9}"
EndProject
Project("{FAE04EC0-301F-11D3-BF4B-00C04F79EFBC}") = "Calculate Again", "Calculate Again\Calculate Again.csproj", "{51F37A15-51BB-4C13-9FFD-396F2CD17F27}"
EndProject
Project("{FAE04EC0-301F-11D3-BF4B-00C04F79EFBC}") = "CalculateAgainV2", "CalculateAgainV2\CalculateAgainV2.csproj", "{AA885648-6B52-489B-A7F0-195F04EBFB35}"
EndProject
Project("{FAE04EC0-301F-11D3-BF4B-00C04F79EFBC}") = "Calculate3", "Calculate3\Calculate3.csproj", "{FA81837A-77FE-4511-B7F8-0310ED4141B0}"
EndProject
Project("{FAE04EC0-301F-11D3-BF4B-00C04F79EFBC}") = "Catalan Numbers", "Catalan Numbers\Catalan Numbers.csproj", "{EF673EB0-0EBC-4C92-986C-9A9A2112777C}"
EndProject
Project("{FAE04EC0-301F-11D3-BF4B-00C04F79EFBC}") = "Matrix of Numbers", "Matrix of Numbers\Matrix of Numbers.csproj", "{E4494494-A651-46FF-86FA-504BE5593B9C}"
EndProject
Project("{FAE04EC0-301F-11D3-BF4B-00C04F79EFBC}") = "Odd and Even Product", "Odd and Even Product\Odd and Even Product.csproj", "{27647B80-22BB-4C00-950D-84E46B31FA20}"
EndProject
Project("{FAE04EC0-301F-11D3-BF4B-00C04F79EFBC}") = "Binary to Decimal", "Binary to Decimal\Binary to Decimal.csproj", "{6231DB76-08BB-470D-AE11-5A1A64414001}"
EndProject
Project("{FAE04EC0-301F-11D3-BF4B-00C04F79EFBC}") = "DecimalToBinary", "DecimalToBinary\DecimalToBinary.csproj", "{0FF1EF4D-E764-44E1-A7B8-B4F8A330CA94}"
EndProject
Project("{FAE04EC0-301F-11D3-BF4B-00C04F79EFBC}") = "Decimal to Hex", "Decimal to Hex\Decimal to Hex.csproj", "{B92E05F9-4B99-4F7F-AFB2-850E2D04D6C7}"
EndProject
Project("{FAE04EC0-301F-11D3-BF4B-00C04F79EFBC}") = "HexToDecimal", "HexToDecimal\HexToDecimal.csproj", "{26AAC9D4-2E92-4885-8898-B724AD8C0761}"
EndProject
Project("{FAE04EC0-301F-11D3-BF4B-00C04F79EFBC}") = "GCD", "GCD\GCD.csproj", "{056700A2-0BCB-44B1-A121-373D75BF9AB5}"
EndProject
Project("{FAE04EC0-301F-11D3-BF4B-00C04F79EFBC}") = "Trailing 0 in N!", "Trailing 0 in N!\Trailing 0 in N!.csproj", "{7A1CF108-6738-4511-B985-1D91E72D0165}"
EndProject
Project("{FAE04EC0-301F-11D3-BF4B-00C04F79EFBC}") = "Trailing 0 in N! V2", "Trailing 0 in N! V2\Trailing 0 in N! V2.csproj", "{1120E787-7F95-47AE-BA51-C260E74E8CDC}"
EndProject
Project("{FAE04EC0-301F-11D3-BF4B-00C04F79EFBC}") = "Spiral Matrix", "Spiral Matrix\Spiral Matrix.csproj", "{3969DC6D-A92B-4FB1-822F-709BB20CC582}"
EndProject
Global
	GlobalSection(SolutionConfigurationPlatforms) = preSolution
		Debug|Any CPU = Debug|Any CPU
		Release|Any CPU = Release|Any CPU
	EndGlobalSection
	GlobalSection(ProjectConfigurationPlatforms) = postSolution
		{A95CFC09-A52F-40C5-8151-647BADE294BA}.Debug|Any CPU.ActiveCfg = Debug|Any CPU
		{A95CFC09-A52F-40C5-8151-647BADE294BA}.Debug|Any CPU.Build.0 = Debug|Any CPU
		{A95CFC09-A52F-40C5-8151-647BADE294BA}.Release|Any CPU.ActiveCfg = Release|Any CPU
		{A95CFC09-A52F-40C5-8151-647BADE294BA}.Release|Any CPU.Build.0 = Release|Any CPU
		{48CA9F5C-B33F-4770-8532-6DA24D2CCD57}.Debug|Any CPU.ActiveCfg = Debug|Any CPU
		{48CA9F5C-B33F-4770-8532-6DA24D2CCD57}.Debug|Any CPU.Build.0 = Debug|Any CPU
		{48CA9F5C-B33F-4770-8532-6DA24D2CCD57}.Release|Any CPU.ActiveCfg = Release|Any CPU
		{48CA9F5C-B33F-4770-8532-6DA24D2CCD57}.Release|Any CPU.Build.0 = Release|Any CPU
		{31A0DC5C-266E-46E9-9A2B-587C83D33335}.Debug|Any CPU.ActiveCfg = Debug|Any CPU
		{31A0DC5C-266E-46E9-9A2B-587C83D33335}.Debug|Any CPU.Build.0 = Debug|Any CPU
		{31A0DC5C-266E-46E9-9A2B-587C83D33335}.Release|Any CPU.ActiveCfg = Release|Any CPU
		{31A0DC5C-266E-46E9-9A2B-587C83D33335}.Release|Any CPU.Build.0 = Release|Any CPU
		{8D6F3A94-B292-408B-8FFE-90439B28D8A9}.Debug|Any CPU.ActiveCfg = Debug|Any CPU
		{8D6F3A94-B292-408B-8FFE-90439B28D8A9}.Debug|Any CPU.Build.0 = Debug|Any CPU
		{8D6F3A94-B292-408B-8FFE-90439B28D8A9}.Release|Any CPU.ActiveCfg = Release|Any CPU
		{8D6F3A94-B292-408B-8FFE-90439B28D8A9}.Release|Any CPU.Build.0 = Release|Any CPU
		{2BFADA06-0014-4755-B5F8-39F652FC3A81}.Debug|Any CPU.ActiveCfg = Debug|Any CPU
		{2BFADA06-0014-4755-B5F8-39F652FC3A81}.Debug|Any CPU.Build.0 = Debug|Any CPU
		{2BFADA06-0014-4755-B5F8-39F652FC3A81}.Release|Any CPU.ActiveCfg = Release|Any CPU
		{2BFADA06-0014-4755-B5F8-39F652FC3A81}.Release|Any CPU.Build.0 = Release|Any CPU
		{B177364A-D403-4ED3-AFA5-23EE8E2C7A89}.Debug|Any CPU.ActiveCfg = Debug|Any CPU
		{B177364A-D403-4ED3-AFA5-23EE8E2C7A89}.Debug|Any CPU.Build.0 = Debug|Any CPU
		{B177364A-D403-4ED3-AFA5-23EE8E2C7A89}.Release|Any CPU.ActiveCfg = Release|Any CPU
		{B177364A-D403-4ED3-AFA5-23EE8E2C7A89}.Release|Any CPU.Build.0 = Release|Any CPU
		{32FF9DA3-F379-407F-B4F9-F7CC129FAFB9}.Debug|Any CPU.ActiveCfg = Debug|Any CPU
		{32FF9DA3-F379-407F-B4F9-F7CC129FAFB9}.Debug|Any CPU.Build.0 = Debug|Any CPU
		{32FF9DA3-F379-407F-B4F9-F7CC129FAFB9}.Release|Any CPU.ActiveCfg = Release|Any CPU
		{32FF9DA3-F379-407F-B4F9-F7CC129FAFB9}.Release|Any CPU.Build.0 = Release|Any CPU
		{51F37A15-51BB-4C13-9FFD-396F2CD17F27}.Debug|Any CPU.ActiveCfg = Debug|Any CPU
		{51F37A15-51BB-4C13-9FFD-396F2CD17F27}.Debug|Any CPU.Build.0 = Debug|Any CPU
		{51F37A15-51BB-4C13-9FFD-396F2CD17F27}.Release|Any CPU.ActiveCfg = Release|Any CPU
		{51F37A15-51BB-4C13-9FFD-396F2CD17F27}.Release|Any CPU.Build.0 = Release|Any CPU
		{AA885648-6B52-489B-A7F0-195F04EBFB35}.Debug|Any CPU.ActiveCfg = Debug|Any CPU
		{AA885648-6B52-489B-A7F0-195F04EBFB35}.Debug|Any CPU.Build.0 = Debug|Any CPU
		{AA885648-6B52-489B-A7F0-195F04EBFB35}.Release|Any CPU.ActiveCfg = Release|Any CPU
		{AA885648-6B52-489B-A7F0-195F04EBFB35}.Release|Any CPU.Build.0 = Release|Any CPU
		{FA81837A-77FE-4511-B7F8-0310ED4141B0}.Debug|Any CPU.ActiveCfg = Debug|Any CPU
		{FA81837A-77FE-4511-B7F8-0310ED4141B0}.Debug|Any CPU.Build.0 = Debug|Any CPU
		{FA81837A-77FE-4511-B7F8-0310ED4141B0}.Release|Any CPU.ActiveCfg = Release|Any CPU
		{FA81837A-77FE-4511-B7F8-0310ED4141B0}.Release|Any CPU.Build.0 = Release|Any CPU
		{EF673EB0-0EBC-4C92-986C-9A9A2112777C}.Debug|Any CPU.ActiveCfg = Debug|Any CPU
		{EF673EB0-0EBC-4C92-986C-9A9A2112777C}.Debug|Any CPU.Build.0 = Debug|Any CPU
		{EF673EB0-0EBC-4C92-986C-9A9A2112777C}.Release|Any CPU.ActiveCfg = Release|Any CPU
		{EF673EB0-0EBC-4C92-986C-9A9A2112777C}.Release|Any CPU.Build.0 = Release|Any CPU
		{E4494494-A651-46FF-86FA-504BE5593B9C}.Debug|Any CPU.ActiveCfg = Debug|Any CPU
		{E4494494-A651-46FF-86FA-504BE5593B9C}.Debug|Any CPU.Build.0 = Debug|Any CPU
		{E4494494-A651-46FF-86FA-504BE5593B9C}.Release|Any CPU.ActiveCfg = Release|Any CPU
		{E4494494-A651-46FF-86FA-504BE5593B9C}.Release|Any CPU.Build.0 = Release|Any CPU
		{27647B80-22BB-4C00-950D-84E46B31FA20}.Debug|Any CPU.ActiveCfg = Debug|Any CPU
		{27647B80-22BB-4C00-950D-84E46B31FA20}.Debug|Any CPU.Build.0 = Debug|Any CPU
		{27647B80-22BB-4C00-950D-84E46B31FA20}.Release|Any CPU.ActiveCfg = Release|Any CPU
		{27647B80-22BB-4C00-950D-84E46B31FA20}.Release|Any CPU.Build.0 = Release|Any CPU
		{6231DB76-08BB-470D-AE11-5A1A64414001}.Debug|Any CPU.ActiveCfg = Debug|Any CPU
		{6231DB76-08BB-470D-AE11-5A1A64414001}.Debug|Any CPU.Build.0 = Debug|Any CPU
		{6231DB76-08BB-470D-AE11-5A1A64414001}.Release|Any CPU.ActiveCfg = Release|Any CPU
		{6231DB76-08BB-470D-AE11-5A1A64414001}.Release|Any CPU.Build.0 = Release|Any CPU
		{0FF1EF4D-E764-44E1-A7B8-B4F8A330CA94}.Debug|Any CPU.ActiveCfg = Debug|Any CPU
		{0FF1EF4D-E764-44E1-A7B8-B4F8A330CA94}.Debug|Any CPU.Build.0 = Debug|Any CPU
		{0FF1EF4D-E764-44E1-A7B8-B4F8A330CA94}.Release|Any CPU.ActiveCfg = Release|Any CPU
		{0FF1EF4D-E764-44E1-A7B8-B4F8A330CA94}.Release|Any CPU.Build.0 = Release|Any CPU
		{B92E05F9-4B99-4F7F-AFB2-850E2D04D6C7}.Debug|Any CPU.ActiveCfg = Debug|Any CPU
		{B92E05F9-4B99-4F7F-AFB2-850E2D04D6C7}.Debug|Any CPU.Build.0 = Debug|Any CPU
		{B92E05F9-4B99-4F7F-AFB2-850E2D04D6C7}.Release|Any CPU.ActiveCfg = Release|Any CPU
		{B92E05F9-4B99-4F7F-AFB2-850E2D04D6C7}.Release|Any CPU.Build.0 = Release|Any CPU
		{26AAC9D4-2E92-4885-8898-B724AD8C0761}.Debug|Any CPU.ActiveCfg = Debug|Any CPU
		{26AAC9D4-2E92-4885-8898-B724AD8C0761}.Debug|Any CPU.Build.0 = Debug|Any CPU
		{26AAC9D4-2E92-4885-8898-B724AD8C0761}.Release|Any CPU.ActiveCfg = Release|Any CPU
		{26AAC9D4-2E92-4885-8898-B724AD8C0761}.Release|Any CPU.Build.0 = Release|Any CPU
		{056700A2-0BCB-44B1-A121-373D75BF9AB5}.Debug|Any CPU.ActiveCfg = Debug|Any CPU
		{056700A2-0BCB-44B1-A121-373D75BF9AB5}.Debug|Any CPU.Build.0 = Debug|Any CPU
		{056700A2-0BCB-44B1-A121-373D75BF9AB5}.Release|Any CPU.ActiveCfg = Release|Any CPU
		{056700A2-0BCB-44B1-A121-373D75BF9AB5}.Release|Any CPU.Build.0 = Release|Any CPU
		{7A1CF108-6738-4511-B985-1D91E72D0165}.Debug|Any CPU.ActiveCfg = Debug|Any CPU
		{7A1CF108-6738-4511-B985-1D91E72D0165}.Debug|Any CPU.Build.0 = Debug|Any CPU
		{7A1CF108-6738-4511-B985-1D91E72D0165}.Release|Any CPU.ActiveCfg = Release|Any CPU
		{7A1CF108-6738-4511-B985-1D91E72D0165}.Release|Any CPU.Build.0 = Release|Any CPU
		{1120E787-7F95-47AE-BA51-C260E74E8CDC}.Debug|Any CPU.ActiveCfg = Debug|Any CPU
		{1120E787-7F95-47AE-BA51-C260E74E8CDC}.Debug|Any CPU.Build.0 = Debug|Any CPU
		{1120E787-7F95-47AE-BA51-C260E74E8CDC}.Release|Any CPU.ActiveCfg = Release|Any CPU
		{1120E787-7F95-47AE-BA51-C260E74E8CDC}.Release|Any CPU.Build.0 = Release|Any CPU
		{3969DC6D-A92B-4FB1-822F-709BB20CC582}.Debug|Any CPU.ActiveCfg = Debug|Any CPU
		{3969DC6D-A92B-4FB1-822F-709BB20CC582}.Debug|Any CPU.Build.0 = Debug|Any CPU
		{3969DC6D-A92B-4FB1-822F-709BB20CC582}.Release|Any CPU.ActiveCfg = Release|Any CPU
		{3969DC6D-A92B-4FB1-822F-709BB20CC582}.Release|Any CPU.Build.0 = Release|Any CPU
	EndGlobalSection
	GlobalSection(SolutionProperties) = preSolution
		HideSolutionNode = FALSE
	EndGlobalSection
EndGlobal
